
Microsoft Visual Studio Solution File, Format Version 12.00
# Visual Studio Version 17
VisualStudioVersion = 17.8.34219.65
MinimumVisualStudioVersion = 10.0.40219.1
Project("{2150E333-8FDC-42A3-9474-1A3956D46DE8}") = "FrontEnd", "FrontEnd", "{08D624EA-DAFA-41F5-80D9-32DA0A50A62E}"
EndProject
Project("{2150E333-8FDC-42A3-9474-1A3956D46DE8}") = "Services", "Services", "{59A73DC7-02B0-4393-AE47-97CA89C6AE40}"
EndProject
Project("{2150E333-8FDC-42A3-9474-1A3956D46DE8}") = "Integration", "Integration", "{DE584098-2E72-4B02-B032-FE71E73E7439}"
EndProject
Project("{2150E333-8FDC-42A3-9474-1A3956D46DE8}") = "GateWay", "GateWay", "{1D98E776-10FA-48DF-84D8-CF6B9F72E0DB}"
EndProject
Project("{9A19103F-16F7-4668-BE54-9A1E7A4F7556}") = "Boutique.Services.CouponAPI", "Boutique.Services.CouponAPI\Boutique.Services.CouponAPI.csproj", "{BE8A16A1-B1C3-4474-9B33-0654C64652CB}"
EndProject
Project("{9A19103F-16F7-4668-BE54-9A1E7A4F7556}") = "Boutique.Web", "Boutique.Web\Boutique.Web.csproj", "{37643A99-6E78-4697-836A-02E259D5C9C8}"
EndProject
Global
	GlobalSection(SolutionConfigurationPlatforms) = preSolution
		Debug|Any CPU = Debug|Any CPU
		Release|Any CPU = Release|Any CPU
	EndGlobalSection
	GlobalSection(ProjectConfigurationPlatforms) = postSolution
		{BE8A16A1-B1C3-4474-9B33-0654C64652CB}.Debug|Any CPU.ActiveCfg = Debug|Any CPU
		{BE8A16A1-B1C3-4474-9B33-0654C64652CB}.Debug|Any CPU.Build.0 = Debug|Any CPU
		{BE8A16A1-B1C3-4474-9B33-0654C64652CB}.Release|Any CPU.ActiveCfg = Release|Any CPU
		{BE8A16A1-B1C3-4474-9B33-0654C64652CB}.Release|Any CPU.Build.0 = Release|Any CPU
		{37643A99-6E78-4697-836A-02E259D5C9C8}.Debug|Any CPU.ActiveCfg = Debug|Any CPU
		{37643A99-6E78-4697-836A-02E259D5C9C8}.Debug|Any CPU.Build.0 = Debug|Any CPU
		{37643A99-6E78-4697-836A-02E259D5C9C8}.Release|Any CPU.ActiveCfg = Release|Any CPU
		{37643A99-6E78-4697-836A-02E259D5C9C8}.Release|Any CPU.Build.0 = Release|Any CPU
	EndGlobalSection
	GlobalSection(SolutionProperties) = preSolution
		HideSolutionNode = FALSE
	EndGlobalSection
	GlobalSection(NestedProjects) = preSolution
		{BE8A16A1-B1C3-4474-9B33-0654C64652CB} = {59A73DC7-02B0-4393-AE47-97CA89C6AE40}
		{37643A99-6E78-4697-836A-02E259D5C9C8} = {08D624EA-DAFA-41F5-80D9-32DA0A50A62E}
	EndGlobalSection
	GlobalSection(ExtensibilityGlobals) = postSolution
		SolutionGuid = {01D75E7A-0606-456E-AC9B-9C7424919C11}
	EndGlobalSection
EndGlobal
